
Microsoft Visual Studio Solution File, Format Version 12.00
# Visual Studio Version 16
VisualStudioVersion = 25.0.1706.6
MinimumVisualStudioVersion = 10.0.40219.1
Project("{FAE04EC0-301F-11D3-BF4B-00C04F79EFBC}") = "ValuationApi", "ValuationApi\ValuationApi.csproj", "{D8E9CD23-D6E0-4737-9A14-E30BF99D361E}"
EndProject
Project("{FAE04EC0-301F-11D3-BF4B-00C04F79EFBC}") = "ValuationApi.Test", "ValuationApi.Test\ValuationApi.Test.csproj", "{4AF9C2E4-0715-489A-B1C6-A8ED57430A0F}"
EndProject
Global
	GlobalSection(SolutionConfigurationPlatforms) = preSolution
		Debug|Any CPU = Debug|Any CPU
		Release|Any CPU = Release|Any CPU
	EndGlobalSection
	GlobalSection(ProjectConfigurationPlatforms) = postSolution
		{D8E9CD23-D6E0-4737-9A14-E30BF99D361E}.Debug|Any CPU.ActiveCfg = Debug|Any CPU
		{D8E9CD23-D6E0-4737-9A14-E30BF99D361E}.Debug|Any CPU.Build.0 = Debug|Any CPU
		{D8E9CD23-D6E0-4737-9A14-E30BF99D361E}.Release|Any CPU.ActiveCfg = Release|Any CPU
		{D8E9CD23-D6E0-4737-9A14-E30BF99D361E}.Release|Any CPU.Build.0 = Release|Any CPU
		{4AF9C2E4-0715-489A-B1C6-A8ED57430A0F}.Debug|Any CPU.ActiveCfg = Debug|Any CPU
		{4AF9C2E4-0715-489A-B1C6-A8ED57430A0F}.Debug|Any CPU.Build.0 = Debug|Any CPU
		{4AF9C2E4-0715-489A-B1C6-A8ED57430A0F}.Release|Any CPU.ActiveCfg = Release|Any CPU
		{4AF9C2E4-0715-489A-B1C6-A8ED57430A0F}.Release|Any CPU.Build.0 = Release|Any CPU
	EndGlobalSection
	GlobalSection(SolutionProperties) = preSolution
		HideSolutionNode = FALSE
	EndGlobalSection
	GlobalSection(ExtensibilityGlobals) = postSolution
		SolutionGuid = {887EB1E7-111F-4AEF-801A-D80598FBBF58}
	EndGlobalSection
EndGlobal
